
Microsoft Visual Studio Solution File, Format Version 12.00
# Visual Studio Version 17
VisualStudioVersion = 17.8.34330.188
MinimumVisualStudioVersion = 10.0.40219.1
Project("{FAE04EC0-301F-11D3-BF4B-00C04F79EFBC}") = "untitled_server", "untitled_server\untitled_server.csproj", "{30947943-BDA8-475E-96D7-D3271EA135FE}"
EndProject
Global
	GlobalSection(SolutionConfigurationPlatforms) = preSolution
		Debug|Any CPU = Debug|Any CPU
		Release|Any CPU = Release|Any CPU
	EndGlobalSection
	GlobalSection(ProjectConfigurationPlatforms) = postSolution
		{30947943-BDA8-475E-96D7-D3271EA135FE}.Debug|Any CPU.ActiveCfg = Debug|Any CPU
		{30947943-BDA8-475E-96D7-D3271EA135FE}.Debug|Any CPU.Build.0 = Debug|Any CPU
		{30947943-BDA8-475E-96D7-D3271EA135FE}.Release|Any CPU.ActiveCfg = Release|Any CPU
		{30947943-BDA8-475E-96D7-D3271EA135FE}.Release|Any CPU.Build.0 = Release|Any CPU
	EndGlobalSection
	GlobalSection(SolutionProperties) = preSolution
		HideSolutionNode = FALSE
	EndGlobalSection
	GlobalSection(ExtensibilityGlobals) = postSolution
		SolutionGuid = {052F7A61-348C-4C19-A6D4-BEC67B683AFE}
	EndGlobalSection
EndGlobal
